
Microsoft Visual Studio Solution File, Format Version 12.00
# Visual Studio Version 16
VisualStudioVersion = 16.0.30611.23
MinimumVisualStudioVersion = 10.0.40219.1
Project("{FAE04EC0-301F-11D3-BF4B-00C04F79EFBC}") = "TCPLib", "TCPLib\TCPLib.csproj", "{EA60A3A2-BFE5-4876-B42D-2FC76545BE56}"
EndProject
Project("{FAE04EC0-301F-11D3-BF4B-00C04F79EFBC}") = "Server", "Server\Server.csproj", "{952BD6B3-DBA1-448B-AE60-6BF8D0794111}"
EndProject
Project("{FAE04EC0-301F-11D3-BF4B-00C04F79EFBC}") = "Client", "Client\Client.csproj", "{25727CB6-1E26-4723-9F90-BD3CE4760373}"
EndProject
Project("{2150E333-8FDC-42A3-9474-1A3956D46DE8}") = "Solution Items", "Solution Items", "{B58D49B7-4FAA-4FB9-96D0-2F9BB38AE583}"
	ProjectSection(SolutionItems) = preProject
		Database.sql = Database.sql
		README.md = README.md
	EndProjectSection
EndProject
Project("{FAE04EC0-301F-11D3-BF4B-00C04F79EFBC}") = "UnitTests", "Tests\UnitTests.csproj", "{B4B6356E-8A6C-4836-AC35-950DF75185D3}"
EndProject
Project("{FAE04EC0-301F-11D3-BF4B-00C04F79EFBC}") = "GuiClient", "GuiClient\GuiClient.csproj", "{D9CA587C-B04A-4800-A5CD-FA20878A340D}"
EndProject
Global
	GlobalSection(SolutionConfigurationPlatforms) = preSolution
		Debug|Any CPU = Debug|Any CPU
		Release|Any CPU = Release|Any CPU
	EndGlobalSection
	GlobalSection(ProjectConfigurationPlatforms) = postSolution
		{EA60A3A2-BFE5-4876-B42D-2FC76545BE56}.Debug|Any CPU.ActiveCfg = Debug|Any CPU
		{EA60A3A2-BFE5-4876-B42D-2FC76545BE56}.Debug|Any CPU.Build.0 = Debug|Any CPU
		{EA60A3A2-BFE5-4876-B42D-2FC76545BE56}.Release|Any CPU.ActiveCfg = Release|Any CPU
		{EA60A3A2-BFE5-4876-B42D-2FC76545BE56}.Release|Any CPU.Build.0 = Release|Any CPU
		{952BD6B3-DBA1-448B-AE60-6BF8D0794111}.Debug|Any CPU.ActiveCfg = Debug|Any CPU
		{952BD6B3-DBA1-448B-AE60-6BF8D0794111}.Debug|Any CPU.Build.0 = Debug|Any CPU
		{952BD6B3-DBA1-448B-AE60-6BF8D0794111}.Release|Any CPU.ActiveCfg = Release|Any CPU
		{952BD6B3-DBA1-448B-AE60-6BF8D0794111}.Release|Any CPU.Build.0 = Release|Any CPU
		{25727CB6-1E26-4723-9F90-BD3CE4760373}.Debug|Any CPU.ActiveCfg = Debug|Any CPU
		{25727CB6-1E26-4723-9F90-BD3CE4760373}.Debug|Any CPU.Build.0 = Debug|Any CPU
		{25727CB6-1E26-4723-9F90-BD3CE4760373}.Release|Any CPU.ActiveCfg = Release|Any CPU
		{25727CB6-1E26-4723-9F90-BD3CE4760373}.Release|Any CPU.Build.0 = Release|Any CPU
		{D9CA587C-B04A-4800-A5CD-FA20878A340D}.Debug|Any CPU.ActiveCfg = Debug|Any CPU
		{D9CA587C-B04A-4800-A5CD-FA20878A340D}.Debug|Any CPU.Build.0 = Debug|Any CPU
		{D9CA587C-B04A-4800-A5CD-FA20878A340D}.Release|Any CPU.ActiveCfg = Release|Any CPU
		{D9CA587C-B04A-4800-A5CD-FA20878A340D}.Release|Any CPU.Build.0 = Release|Any CPU
	EndGlobalSection
	GlobalSection(SolutionProperties) = preSolution
		HideSolutionNode = FALSE
	EndGlobalSection
	GlobalSection(ExtensibilityGlobals) = postSolution
		SolutionGuid = {0BF8011D-D30F-4D1A-AAE4-2EB932B87953}
	EndGlobalSection
EndGlobal
